<?xml version="1.0" encoding="utf-8"?>
<Project ToolsVersion="4.0" xmlns="http://schemas.microsoft.com/developer/msbuild/2003">
  <ItemGroup>
    <ClCompile Include="main.cpp" />
    <ClCompile Include="monitoring.cpp">
      <Filter>src</Filter>
    </ClCompile>
  </ItemGroup>
  <ItemGroup>
    <Filter Include="include">
      <UniqueIdentifier>{9e8dd218-2cb2-4b18-a2ab-ca8a693c52a7}</UniqueIdentifier>
    </Filter>
    <Filter Include="src">
      <UniqueIdentifier>{e151a67e-c4fb-45de-8645-fccbb6cbd10e}</UniqueIdentifier>
    </Filter>
    <Filter Include="ui">
      <UniqueIdentifier>{c2f67576-e3eb-4cdd-8c4f-163abe628be6}</UniqueIdentifier>
    </Filter>
  </ItemGroup>
  <ItemGroup>
    <ClInclude Include="log.h">
      <Filter>include</Filter>
    </ClInclude>
  </ItemGroup>
  <ItemGroup>
    <QtMoc Include="monitoring.h">
      <Filter>include</Filter>
    </QtMoc>
  </ItemGroup>
  <ItemGroup>
    <QtRcc Include="monitoring.qrc">
      <Filter>ui</Filter>
    </QtRcc>
  </ItemGroup>
  <ItemGroup>
    <QtUic Include="monitoring.ui">
      <Filter>ui</Filter>
    </QtUic>
  </ItemGroup>
</Project>